// !$*UTF8*$!
{
	archiveVersion = 1;
	classes = {
	};
	objectVersion = 50;
	objects = {

/* Begin PBXBuildFile section */
		D3F18F63211C4D65009BD253 /* AppDelegate.swift in Sources */ = {isa = PBXBuildFile; fileRef = D3F18F62211C4D65009BD253 /* AppDelegate.swift */; };
		D3F18F65211C4D65009BD253 /* ViewController.swift in Sources */ = {isa = PBXBuildFile; fileRef = D3F18F64211C4D65009BD253 /* ViewController.swift */; };
		D3F18F68211C4D65009BD253 /* Main.storyboard in Resources */ = {isa = PBXBuildFile; fileRef = D3F18F66211C4D65009BD253 /* Main.storyboard */; };
		D3F18F6A211C4D67009BD253 /* Assets.xcassets in Resources */ = {isa = PBXBuildFile; fileRef = D3F18F69211C4D67009BD253 /* Assets.xcassets */; };
		D3F18F6D211C4D67009BD253 /* LaunchScreen.storyboard in Resources */ = {isa = PBXBuildFile; fileRef = D3F18F6B211C4D67009BD253 /* LaunchScreen.storyboard */; };
		D3F18F78211C4D67009BD253 /* iOS1Tests.swift in Sources */ = {isa = PBXBuildFile; fileRef = D3F18F77211C4D67009BD253 /* iOS1Tests.swift */; };
		D3F18F83211C4D67009BD253 /* iOS1UITests.swift in Sources */ = {isa = PBXBuildFile; fileRef = D3F18F82211C4D67009BD253 /* iOS1UITests.swift */; };
		D3F18F91211C4E7D009BD253 /* FriendsCollectionViewCell.swift in Sources */ = {isa = PBXBuildFile; fileRef = D3F18F90211C4E7D009BD253 /* FriendsCollectionViewCell.swift */; };
/* End PBXBuildFile section */

/* Begin PBXContainerItemProxy section */
		D3F18F74211C4D67009BD253 /* PBXContainerItemProxy */ = {
			isa = PBXContainerItemProxy;
			containerPortal = D3F18F57211C4D65009BD253 /* Project object */;
			proxyType = 1;
			remoteGlobalIDString = D3F18F5E211C4D65009BD253;
			remoteInfo = iOS1;
		};
		D3F18F7F211C4D67009BD253 /* PBXContainerItemProxy */ = {
			isa = PBXContainerItemProxy;
			containerPortal = D3F18F57211C4D65009BD253 /* Project object */;
			proxyType = 1;
			remoteGlobalIDString = D3F18F5E211C4D65009BD253;
			remoteInfo = iOS1;
		};
/* End PBXContainerItemProxy section */

/* Begin PBXFileReference section */
		D3F18F5F211C4D65009BD253 /* iOS1.app */ = {isa = PBXFileReference; explicitFileType = wrapper.application; includeInIndex = 0; path = iOS1.app; sourceTree = BUILT_PRODUCTS_DIR; };
		D3F18F62211C4D65009BD253 /* AppDelegate.swift */ = {isa = PBXFileReference; lastKnownFileType = sourcecode.swift; path = AppDelegate.swift; sourceTree = "<group>"; };
		D3F18F64211C4D65009BD253 /* ViewController.swift */ = {isa = PBXFileReference; lastKnownFileType = sourcecode.swift; path = ViewController.swift; sourceTree = "<group>"; };
		D3F18F67211C4D65009BD253 /* Base */ = {isa = PBXFileReference; lastKnownFileType = file.storyboard; name = Base; path = Base.lproj/Main.storyboard; sourceTree = "<group>"; };
		D3F18F69211C4D67009BD253 /* Assets.xcassets */ = {isa = PBXFileReference; lastKnownFileType = folder.assetcatalog; path = Assets.xcassets; sourceTree = "<group>"; };
		D3F18F6C211C4D67009BD253 /* Base */ = {isa = PBXFileReference; lastKnownFileType = file.storyboard; name = Base; path = Base.lproj/LaunchScreen.storyboard; sourceTree = "<group>"; };
		D3F18F6E211C4D67009BD253 /* Info.plist */ = {isa = PBXFileReference; lastKnownFileType = text.plist.xml; path = Info.plist; sourceTree = "<group>"; };
		D3F18F73211C4D67009BD253 /* iOS1Tests.xctest */ = {isa = PBXFileReference; explicitFileType = wrapper.cfbundle; includeInIndex = 0; path = iOS1Tests.xctest; sourceTree = BUILT_PRODUCTS_DIR; };
		D3F18F77211C4D67009BD253 /* iOS1Tests.swift */ = {isa = PBXFileReference; lastKnownFileType = sourcecode.swift; path = iOS1Tests.swift; sourceTree = "<group>"; };
		D3F18F79211C4D67009BD253 /* Info.plist */ = {isa = PBXFileReference; lastKnownFileType = text.plist.xml; path = Info.plist; sourceTree = "<group>"; };
		D3F18F7E211C4D67009BD253 /* iOS1UITests.xctest */ = {isa = PBXFileReference; explicitFileType = wrapper.cfbundle; includeInIndex = 0; path = iOS1UITests.xctest; sourceTree = BUILT_PRODUCTS_DIR; };
		D3F18F82211C4D67009BD253 /* iOS1UITests.swift */ = {isa = PBXFileReference; lastKnownFileType = sourcecode.swift; path = iOS1UITests.swift; sourceTree = "<group>"; };
		D3F18F84211C4D67009BD253 /* Info.plist */ = {isa = PBXFileReference; lastKnownFileType = text.plist.xml; path = Info.plist; sourceTree = "<group>"; };
		D3F18F90211C4E7D009BD253 /* FriendsCollectionViewCell.swift */ = {isa = PBXFileReference; lastKnownFileType = sourcecode.swift; path = FriendsCollectionViewCell.swift; sourceTree = "<group>"; };
/* End PBXFileReference section */

/* Begin PBXFrameworksBuildPhase section */
		D3F18F5C211C4D65009BD253 /* Frameworks */ = {
			isa = PBXFrameworksBuildPhase;
			buildActionMask = 2147483647;
			files = (
			);
			runOnlyForDeploymentPostprocessing = 0;
		};
		D3F18F70211C4D67009BD253 /* Frameworks */ = {
			isa = PBXFrameworksBuildPhase;
			buildActionMask = 2147483647;
			files = (
			);
			runOnlyForDeploymentPostprocessing = 0;
		};
		D3F18F7B211C4D67009BD253 /* Frameworks */ = {
			isa = PBXFrameworksBuildPhase;
			buildActionMask = 2147483647;
			files = (
			);
			runOnlyForDeploymentPostprocessing = 0;
		};
/* End PBXFrameworksBuildPhase section */

/* Begin PBXGroup section */
		D3F18F56211C4D65009BD253 = {
			isa = PBXGroup;
			children = (
				D3F18F61211C4D65009BD253 /* iOS1 */,
				D3F18F76211C4D67009BD253 /* iOS1Tests */,
				D3F18F81211C4D67009BD253 /* iOS1UITests */,
				D3F18F60211C4D65009BD253 /* Products */,
			);
			sourceTree = "<group>";
		};
		D3F18F60211C4D65009BD253 /* Products */ = {
			isa = PBXGroup;
			children = (
				D3F18F5F211C4D65009BD253 /* iOS1.app */,
				D3F18F73211C4D67009BD253 /* iOS1Tests.xctest */,
				D3F18F7E211C4D67009BD253 /* iOS1UITests.xctest */,
			);
			name = Products;
			sourceTree = "<group>";
		};
		D3F18F61211C4D65009BD253 /* iOS1 */ = {
			isa = PBXGroup;
			children = (
				D3F18F62211C4D65009BD253 /* AppDelegate.swift */,
				D3F18F64211C4D65009BD253 /* ViewController.swift */,
				D3F18F66211C4D65009BD253 /* Main.storyboard */,
				D3F18F90211C4E7D009BD253 /* FriendsCollectionViewCell.swift */,
				D3F18F69211C4D67009BD253 /* Assets.xcassets */,
				D3F18F6B211C4D67009BD253 /* LaunchScreen.storyboard */,
				D3F18F6E211C4D67009BD253 /* Info.plist */,
			);
			path = iOS1;
			sourceTree = "<group>";
		};
		D3F18F76211C4D67009BD253 /* iOS1Tests */ = {
			isa = PBXGroup;
			children = (
				D3F18F77211C4D67009BD253 /* iOS1Tests.swift */,
				D3F18F79211C4D67009BD253 /* Info.plist */,
			);
			path = iOS1Tests;
			sourceTree = "<group>";
		};
		D3F18F81211C4D67009BD253 /* iOS1UITests */ = {
			isa = PBXGroup;
			children = (
				D3F18F82211C4D67009BD253 /* iOS1UITests.swift */,
				D3F18F84211C4D67009BD253 /* Info.plist */,
			);
			path = iOS1UITests;
			sourceTree = "<group>";
		};
/* End PBXGroup section */

/* Begin PBXNativeTarget section */
		D3F18F5E211C4D65009BD253 /* iOS1 */ = {
			isa = PBXNativeTarget;
			buildConfigurationList = D3F18F87211C4D67009BD253 /* Build configuration list for PBXNativeTarget "iOS1" */;
			buildPhases = (
				D3F18F5B211C4D65009BD253 /* Sources */,
				D3F18F5C211C4D65009BD253 /* Frameworks */,
				D3F18F5D211C4D65009BD253 /* Resources */,
			);
			buildRules = (
			);
			dependencies = (
			);
			name = iOS1;
			productName = iOS1;
			productReference = D3F18F5F211C4D65009BD253 /* iOS1.app */;
			productType = "com.apple.product-type.application";
		};
		D3F18F72211C4D67009BD253 /* iOS1Tests */ = {
			isa = PBXNativeTarget;
			buildConfigurationList = D3F18F8A211C4D67009BD253 /* Build configuration list for PBXNativeTarget "iOS1Tests" */;
			buildPhases = (
				D3F18F6F211C4D67009BD253 /* Sources */,
				D3F18F70211C4D67009BD253 /* Frameworks */,
				D3F18F71211C4D67009BD253 /* Resources */,
			);
			buildRules = (
			);
			dependencies = (
				D3F18F75211C4D67009BD253 /* PBXTargetDependency */,
			);
			name = iOS1Tests;
			productName = iOS1Tests;
			productReference = D3F18F73211C4D67009BD253 /* iOS1Tests.xctest */;
			productType = "com.apple.product-type.bundle.unit-test";
		};
		D3F18F7D211C4D67009BD253 /* iOS1UITests */ = {
			isa = PBXNativeTarget;
			buildConfigurationList = D3F18F8D211C4D67009BD253 /* Build configuration list for PBXNativeTarget "iOS1UITests" */;
			buildPhases = (
				D3F18F7A211C4D67009BD253 /* Sources */,
				D3F18F7B211C4D67009BD253 /* Frameworks */,
				D3F18F7C211C4D67009BD253 /* Resources */,
			);
			buildRules = (
			);
			dependencies = (
				D3F18F80211C4D67009BD253 /* PBXTargetDependency */,
			);
			name = iOS1UITests;
			productName = iOS1UITests;
			productReference = D3F18F7E211C4D67009BD253 /* iOS1UITests.xctest */;
			productType = "com.apple.product-type.bundle.ui-testing";
		};
/* End PBXNativeTarget section */

/* Begin PBXProject section */
		D3F18F57211C4D65009BD253 /* Project object */ = {
			isa = PBXProject;
			attributes = {
				LastSwiftUpdateCheck = 0940;
				LastUpgradeCheck = 0940;
				ORGANIZATIONNAME = Laura;
				TargetAttributes = {
					D3F18F5E211C4D65009BD253 = {
						CreatedOnToolsVersion = 9.4.1;
					};
					D3F18F72211C4D67009BD253 = {
						CreatedOnToolsVersion = 9.4.1;
						TestTargetID = D3F18F5E211C4D65009BD253;
					};
					D3F18F7D211C4D67009BD253 = {
						CreatedOnToolsVersion = 9.4.1;
						TestTargetID = D3F18F5E211C4D65009BD253;
					};
				};
			};
			buildConfigurationList = D3F18F5A211C4D65009BD253 /* Build configuration list for PBXProject "iOS1" */;
			compatibilityVersion = "Xcode 9.3";
			developmentRegion = en;
			hasScannedForEncodings = 0;
			knownRegions = (
				en,
				Base,
			);
			mainGroup = D3F18F56211C4D65009BD253;
			productRefGroup = D3F18F60211C4D65009BD253 /* Products */;
			projectDirPath = "";
			projectRoot = "";
			targets = (
				D3F18F5E211C4D65009BD253 /* iOS1 */,
				D3F18F72211C4D67009BD253 /* iOS1Tests */,
				D3F18F7D211C4D67009BD253 /* iOS1UITests */,
			);
		};
/* End PBXProject section */

/* Begin PBXResourcesBuildPhase section */
		D3F18F5D211C4D65009BD253 /* Resources */ = {
			isa = PBXResourcesBuildPhase;
			buildActionMask = 2147483647;
			files = (
				D3F18F6D211C4D67009BD253 /* LaunchScreen.storyboard in Resources */,
				D3F18F6A211C4D67009BD253 /* Assets.xcassets in Resources */,
				D3F18F68211C4D65009BD253 /* Main.storyboard in Resources */,
			);
			runOnlyForDeploymentPostprocessing = 0;
		};
		D3F18F71211C4D67009BD253 /* Resources */ = {
			isa = PBXResourcesBuildPhase;
			buildActionMask = 2147483647;
			files = (
			);
			runOnlyForDeploymentPostprocessing = 0;
		};
		D3F18F7C211C4D67009BD253 /* Resources */ = {
			isa = PBXResourcesBuildPhase;
			buildActionMask = 2147483647;
			files = (
			);
			runOnlyForDeploymentPostprocessing = 0;
		};
/* End PBXResourcesBuildPhase section */

/* Begin PBXSourcesBuildPhase section */
		D3F18F5B211C4D65009BD253 /* Sources */ = {
			isa = PBXSourcesBuildPhase;
			buildActionMask = 2147483647;
			files = (
				D3F18F65211C4D65009BD253 /* ViewController.swift in Sources */,
				D3F18F91211C4E7D009BD253 /* FriendsCollectionViewCell.swift in Sources */,
				D3F18F63211C4D65009BD253 /* AppDelegate.swift in Sources */,
			);
			runOnlyForDeploymentPostprocessing = 0;
		};
		D3F18F6F211C4D67009BD253 /* Sources */ = {
			isa = PBXSourcesBuildPhase;
			buildActionMask = 2147483647;
			files = (
				D3F18F78211C4D67009BD253 /* iOS1Tests.swift in Sources */,
			);
			runOnlyForDeploymentPostprocessing = 0;
		};
		D3F18F7A211C4D67009BD253 /* Sources */ = {
			isa = PBXSourcesBuildPhase;
			buildActionMask = 2147483647;
			files = (
				D3F18F83211C4D67009BD253 /* iOS1UITests.swift in Sources */,
			);
			runOnlyForDeploymentPostprocessing = 0;
		};
/* End PBXSourcesBuildPhase section */

/* Begin PBXTargetDependency section */
		D3F18F75211C4D67009BD253 /* PBXTargetDependency */ = {
			isa = PBXTargetDependency;
			target = D3F18F5E211C4D65009BD253 /* iOS1 */;
			targetProxy = D3F18F74211C4D67009BD253 /* PBXContainerItemProxy */;
		};
		D3F18F80211C4D67009BD253 /* PBXTargetDependency */ = {
			isa = PBXTargetDependency;
			target = D3F18F5E211C4D65009BD253 /* iOS1 */;
			targetProxy = D3F18F7F211C4D67009BD253 /* PBXContainerItemProxy */;
		};
/* End PBXTargetDependency section */

/* Begin PBXVariantGroup section */
		D3F18F66211C4D65009BD253 /* Main.storyboard */ = {
			isa = PBXVariantGroup;
			children = (
				D3F18F67211C4D65009BD253 /* Base */,
			);
			name = Main.storyboard;
			sourceTree = "<group>";
		};
		D3F18F6B211C4D67009BD253 /* LaunchScreen.storyboard */ = {
			isa = PBXVariantGroup;
			children = (
				D3F18F6C211C4D67009BD253 /* Base */,
			);
			name = LaunchScreen.storyboard;
			sourceTree = "<group>";
		};
/* End PBXVariantGroup section */

/* Begin XCBuildConfiguration section */
		D3F18F85211C4D67009BD253 /* Debug */ = {
			isa = XCBuildConfiguration;
			buildSettings = {
				ALWAYS_SEARCH_USER_PATHS = NO;
				CLANG_ANALYZER_NONNULL = YES;
				CLANG_ANALYZER_NUMBER_OBJECT_CONVERSION = YES_AGGRESSIVE;
				CLANG_CXX_LANGUAGE_STANDARD = "gnu++14";
				CLANG_CXX_LIBRARY = "libc++";
				CLANG_ENABLE_MODULES = YES;
				CLANG_ENABLE_OBJC_ARC = YES;
				CLANG_ENABLE_OBJC_WEAK = YES;
				CLANG_WARN_BLOCK_CAPTURE_AUTORELEASING = YES;
				CLANG_WARN_BOOL_CONVERSION = YES;
				CLANG_WARN_COMMA = YES;
				CLANG_WARN_CONSTANT_CONVERSION = YES;
				CLANG_WARN_DEPRECATED_OBJC_IMPLEMENTATIONS = YES;
				CLANG_WARN_DIRECT_OBJC_ISA_USAGE = YES_ERROR;
				CLANG_WARN_DOCUMENTATION_COMMENTS = YES;
				CLANG_WARN_EMPTY_BODY = YES;
				CLANG_WARN_ENUM_CONVERSION = YES;
				CLANG_WARN_INFINITE_RECURSION = YES;
				CLANG_WARN_INT_CONVERSION = YES;
				CLANG_WARN_NON_LITERAL_NULL_CONVERSION = YES;
				CLANG_WARN_OBJC_IMPLICIT_RETAIN_SELF = YES;
				CLANG_WARN_OBJC_LITERAL_CONVERSION = YES;
				CLANG_WARN_OBJC_ROOT_CLASS = YES_ERROR;
				CLANG_WARN_RANGE_LOOP_ANALYSIS = YES;
				CLANG_WARN_STRICT_PROTOTYPES = YES;
				CLANG_WARN_SUSPICIOUS_MOVE = YES;
				CLANG_WARN_UNGUARDED_AVAILABILITY = YES_AGGRESSIVE;
				CLANG_WARN_UNREACHABLE_CODE = YES;
				CLANG_WARN__DUPLICATE_METHOD_MATCH = YES;
				CODE_SIGN_IDENTITY = "iPhone Developer";
				COPY_PHASE_STRIP = NO;
				DEBUG_INFORMATION_FORMAT = dwarf;
				ENABLE_STRICT_OBJC_MSGSEND = YES;
				ENABLE_TESTABILITY = YES;
				GCC_C_LANGUAGE_STANDARD = gnu11;
				GCC_DYNAMIC_NO_PIC = NO;
				GCC_NO_COMMON_BLOCKS = YES;
				GCC_OPTIMIZATION_LEVEL = 0;
				GCC_PREPROCESSOR_DEFINITIONS = (
					"DEBUG=1",
					"$(inherited)",
				);
				GCC_WARN_64_TO_32_BIT_CONVERSION = YES;
				GCC_WARN_ABOUT_RETURN_TYPE = YES_ERROR;
				GCC_WARN_UNDECLARED_SELECTOR = YES;
				GCC_WARN_UNINITIALIZED_AUTOS = YES_AGGRESSIVE;
				GCC_WARN_UNUSED_FUNCTION = YES;
				GCC_WARN_UNUSED_VARIABLE = YES;
				IPHONEOS_DEPLOYMENT_TARGET = 11.4;
				MTL_ENABLE_DEBUG_INFO = YES;
				ONLY_ACTIVE_ARCH = YES;
				SDKROOT = iphoneos;
				SWIFT_ACTIVE_COMPILATION_CONDITIONS = DEBUG;
				SWIFT_OPTIMIZATION_LEVEL = "-Onone";
			};
			name = Debug;
		};
		D3F18F86211C4D67009BD253 /* Release */ = {
			isa = XCBuildConfiguration;
			buildSettings = {
				ALWAYS_SEARCH_USER_PATHS = NO;
				CLANG_ANALYZER_NONNULL = YES;
				CLANG_ANALYZER_NUMBER_OBJECT_CONVERSION = YES_AGGRESSIVE;
				CLANG_CXX_LANGUAGE_STANDARD = "gnu++14";
				CLANG_CXX_LIBRARY = "libc++";
				CLANG_ENABLE_MODULES = YES;
				CLANG_ENABLE_OBJC_ARC = YES;
				CLANG_ENABLE_OBJC_WEAK = YES;
				CLANG_WARN_BLOCK_CAPTURE_AUTORELEASING = YES;
				CLANG_WARN_BOOL_CONVERSION = YES;
				CLANG_WARN_COMMA = YES;
				CLANG_WARN_CONSTANT_CONVERSION = YES;
				CLANG_WARN_DEPRECATED_OBJC_IMPLEMENTATIONS = YES;
				CLANG_WARN_DIRECT_OBJC_ISA_USAGE = YES_ERROR;
				CLANG_WARN_DOCUMENTATION_COMMENTS = YES;
				CLANG_WARN_EMPTY_BODY = YES;
				CLANG_WARN_ENUM_CONVERSION = YES;
				CLANG_WARN_INFINITE_RECURSION = YES;
				CLANG_WARN_INT_CONVERSION = YES;
				CLANG_WARN_NON_LITERAL_NULL_CONVERSION = YES;
				CLANG_WARN_OBJC_IMPLICIT_RETAIN_SELF = YES;
				CLANG_WARN_OBJC_LITERAL_CONVERSION = YES;
				CLANG_WARN_OBJC_ROOT_CLASS = YES_ERROR;
				CLANG_WARN_RANGE_LOOP_ANALYSIS = YES;
				CLANG_WARN_STRICT_PROTOTYPES = YES;
				CLANG_WARN_SUSPICIOUS_MOVE = YES;
				CLANG_WARN_UNGUARDED_AVAILABILITY = YES_AGGRESSIVE;
				CLANG_WARN_UNREACHABLE_CODE = YES;
				CLANG_WARN__DUPLICATE_METHOD_MATCH = YES;
				CODE_SIGN_IDENTITY = "iPhone Developer";
				COPY_PHASE_STRIP = NO;
				DEBUG_INFORMATION_FORMAT = "dwarf-with-dsym";
				ENABLE_NS_ASSERTIONS = NO;
				ENABLE_STRICT_OBJC_MSGSEND = YES;
				GCC_C_LANGUAGE_STANDARD = gnu11;
				GCC_NO_COMMON_BLOCKS = YES;
				GCC_WARN_64_TO_32_BIT_CONVERSION = YES;
				GCC_WARN_ABOUT_RETURN_TYPE = YES_ERROR;
				GCC_WARN_UNDECLARED_SELECTOR = YES;
				GCC_WARN_UNINITIALIZED_AUTOS = YES_AGGRESSIVE;
				GCC_WARN_UNUSED_FUNCTION = YES;
				GCC_WARN_UNUSED_VARIABLE = YES;
				IPHONEOS_DEPLOYMENT_TARGET = 11.4;
				MTL_ENABLE_DEBUG_INFO = NO;
				SDKROOT = iphoneos;
				SWIFT_COMPILATION_MODE = wholemodule;
				SWIFT_OPTIMIZATION_LEVEL = "-O";
				VALIDATE_PRODUCT = YES;
			};
			name = Release;
		};
		D3F18F88211C4D67009BD253 /* Debug */ = {
			isa = XCBuildConfiguration;
			buildSettings = {
				ASSETCATALOG_COMPILER_APPICON_NAME = AppIcon;
				CODE_SIGN_STYLE = Automatic;
				INFOPLIST_FILE = iOS1/Info.plist;
				LD_RUNPATH_SEARCH_PATHS = (
					"$(inherited)",
					"@executable_path/Frameworks",
				);
				PRODUCT_BUNDLE_IDENTIFIER = laura.iOS1;
				PRODUCT_NAME = "$(TARGET_NAME)";
				SWIFT_VERSION = 4.0;
				TARGETED_DEVICE_FAMILY = "1,2";
			};
			name = Debug;
		};
		D3F18F89211C4D67009BD253 /* Release */ = {
			isa = XCBuildConfiguration;
			buildSettings = {
				ASSETCATALOG_COMPILER_APPICON_NAME = AppIcon;
				CODE_SIGN_STYLE = Automatic;
				INFOPLIST_FILE = iOS1/Info.plist;
				LD_RUNPATH_SEARCH_PATHS = (
					"$(inherited)",
					"@executable_path/Frameworks",
				);
				PRODUCT_BUNDLE_IDENTIFIER = laura.iOS1;
				PRODUCT_NAME = "$(TARGET_NAME)";
				SWIFT_VERSION = 4.0;
				TARGETED_DEVICE_FAMILY = "1,2";
			};
			name = Release;
		};
		D3F18F8B211C4D67009BD253 /* Debug */ = {
			isa = XCBuildConfiguration;
			buildSettings = {
				ALWAYS_EMBED_SWIFT_STANDARD_LIBRARIES = YES;
				BUNDLE_LOADER = "$(TEST_HOST)";
				CODE_SIGN_STYLE = Automatic;
				INFOPLIST_FILE = iOS1Tests/Info.plist;
				LD_RUNPATH_SEARCH_PATHS = (
					"$(inherited)",
					"@executable_path/Frameworks",
					"@loader_path/Frameworks",
				);
				PRODUCT_BUNDLE_IDENTIFIER = laura.iOS1Tests;
				PRODUCT_NAME = "$(TARGET_NAME)";
				SWIFT_VERSION = 4.0;
				TARGETED_DEVICE_FAMILY = "1,2";
				TEST_HOST = "$(BUILT_PRODUCTS_DIR)/iOS1.app/iOS1";
			};
			name = Debug;
		};
		D3F18F8C211C4D67009BD253 /* Release */ = {
			isa = XCBuildConfiguration;
			buildSettings = {
				ALWAYS_EMBED_SWIFT_STANDARD_LIBRARIES = YES;
				BUNDLE_LOADER = "$(TEST_HOST)";
				CODE_SIGN_STYLE = Automatic;
				INFOPLIST_FILE = iOS1Tests/Info.plist;
				LD_RUNPATH_SEARCH_PATHS = (
					"$(inherited)",
					"@executable_path/Frameworks",
					"@loader_path/Frameworks",
				);
				PRODUCT_BUNDLE_IDENTIFIER = laura.iOS1Tests;
				PRODUCT_NAME = "$(TARGET_NAME)";
				SWIFT_VERSION = 4.0;
				TARGETED_DEVICE_FAMILY = "1,2";
				TEST_HOST = "$(BUILT_PRODUCTS_DIR)/iOS1.app/iOS1";
			};
			name = Release;
		};
		D3F18F8E211C4D67009BD253 /* Debug */ = {
			isa = XCBuildConfiguration;
			buildSettings = {
				ALWAYS_EMBED_SWIFT_STANDARD_LIBRARIES = YES;
				CODE_SIGN_STYLE = Automatic;
				INFOPLIST_FILE = iOS1UITests/Info.plist;
				LD_RUNPATH_SEARCH_PATHS = (
					"$(inherited)",
					"@executable_path/Frameworks",
					"@loader_path/Frameworks",
				);
				PRODUCT_BUNDLE_IDENTIFIER = laura.iOS1UITests;
				PRODUCT_NAME = "$(TARGET_NAME)";
				SWIFT_VERSION = 4.0;
				TARGETED_DEVICE_FAMILY = "1,2";
				TEST_TARGET_NAME = iOS1;
			};
			name = Debug;
		};
		D3F18F8F211C4D67009BD253 /* Release */ = {
			isa = XCBuildConfiguration;
			buildSettings = {
				ALWAYS_EMBED_SWIFT_STANDARD_LIBRARIES = YES;
				CODE_SIGN_STYLE = Automatic;
				INFOPLIST_FILE = iOS1UITests/Info.plist;
				LD_RUNPATH_SEARCH_PATHS = (
					"$(inherited)",
					"@executable_path/Frameworks",
					"@loader_path/Frameworks",
				);
				PRODUCT_BUNDLE_IDENTIFIER = laura.iOS1UITests;
				PRODUCT_NAME = "$(TARGET_NAME)";
				SWIFT_VERSION = 4.0;
				TARGETED_DEVICE_FAMILY = "1,2";
				TEST_TARGET_NAME = iOS1;
			};
			name = Release;
		};
/* End XCBuildConfiguration section */

/* Begin XCConfigurationList section */
		D3F18F5A211C4D65009BD253 /* Build configuration list for PBXProject "iOS1" */ = {
			isa = XCConfigurationList;
			buildConfigurations = (
				D3F18F85211C4D67009BD253 /* Debug */,
				D3F18F86211C4D67009BD253 /* Release */,
			);
			defaultConfigurationIsVisible = 0;
			defaultConfigurationName = Release;
		};
		D3F18F87211C4D67009BD253 /* Build configuration list for PBXNativeTarget "iOS1" */ = {
			isa = XCConfigurationList;
			buildConfigurations = (
				D3F18F88211C4D67009BD253 /* Debug */,
				D3F18F89211C4D67009BD253 /* Release */,
			);
			defaultConfigurationIsVisible = 0;
			defaultConfigurationName = Release;
		};
		D3F18F8A211C4D67009BD253 /* Build configuration list for PBXNativeTarget "iOS1Tests" */ = {
			isa = XCConfigurationList;
			buildConfigurations = (
				D3F18F8B211C4D67009BD253 /* Debug */,
				D3F18F8C211C4D67009BD253 /* Release */,
			);
			defaultConfigurationIsVisible = 0;
			defaultConfigurationName = Release;
		};
		D3F18F8D211C4D67009BD253 /* Build configuration list for PBXNativeTarget "iOS1UITests" */ = {
			isa = XCConfigurationList;
			buildConfigurations = (
				D3F18F8E211C4D67009BD253 /* Debug */,
				D3F18F8F211C4D67009BD253 /* Release */,
			);
			defaultConfigurationIsVisible = 0;
			defaultConfigurationName = Release;
		};
/* End XCConfigurationList section */
	};
	rootObject = D3F18F57211C4D65009BD253 /* Project object */;
}
