// !$*UTF8*$!
{
	archiveVersion = 1;
	classes = {
	};
	objectVersion = 50;
	objects = {

/* Begin PBXBuildFile section */
		D3BAB7962121CBE700370D9E /* ImageViewController.swift in Sources */ = {isa = PBXBuildFile; fileRef = D3BAB7952121CBE700370D9E /* ImageViewController.swift */; };
		D3F18F9F211C72A8009BD253 /* AppDelegate.swift in Sources */ = {isa = PBXBuildFile; fileRef = D3F18F9E211C72A8009BD253 /* AppDelegate.swift */; };
		D3F18FA1211C72A8009BD253 /* ViewController.swift in Sources */ = {isa = PBXBuildFile; fileRef = D3F18FA0211C72A8009BD253 /* ViewController.swift */; };
		D3F18FA4211C72A8009BD253 /* Main.storyboard in Resources */ = {isa = PBXBuildFile; fileRef = D3F18FA2211C72A8009BD253 /* Main.storyboard */; };
		D3F18FA6211C72A9009BD253 /* Assets.xcassets in Resources */ = {isa = PBXBuildFile; fileRef = D3F18FA5211C72A9009BD253 /* Assets.xcassets */; };
		D3F18FA9211C72A9009BD253 /* LaunchScreen.storyboard in Resources */ = {isa = PBXBuildFile; fileRef = D3F18FA7211C72A9009BD253 /* LaunchScreen.storyboard */; };
		D3F18FB4211C72A9009BD253 /* ex1Tests.swift in Sources */ = {isa = PBXBuildFile; fileRef = D3F18FB3211C72A9009BD253 /* ex1Tests.swift */; };
		D3F18FBF211C72AA009BD253 /* ex1UITests.swift in Sources */ = {isa = PBXBuildFile; fileRef = D3F18FBE211C72AA009BD253 /* ex1UITests.swift */; };
		D3F18FCD211C7343009BD253 /* FriendsCollectionViewCell.swift in Sources */ = {isa = PBXBuildFile; fileRef = D3F18FCC211C7343009BD253 /* FriendsCollectionViewCell.swift */; };
		D3F39FA42120C71B00868E4B /* FriendsCompleteViewController.swift in Sources */ = {isa = PBXBuildFile; fileRef = D3F39FA32120C71B00868E4B /* FriendsCompleteViewController.swift */; };
/* End PBXBuildFile section */

/* Begin PBXContainerItemProxy section */
		D3F18FB0211C72A9009BD253 /* PBXContainerItemProxy */ = {
			isa = PBXContainerItemProxy;
			containerPortal = D3F18F93211C72A8009BD253 /* Project object */;
			proxyType = 1;
			remoteGlobalIDString = D3F18F9A211C72A8009BD253;
			remoteInfo = ex1;
		};
		D3F18FBB211C72AA009BD253 /* PBXContainerItemProxy */ = {
			isa = PBXContainerItemProxy;
			containerPortal = D3F18F93211C72A8009BD253 /* Project object */;
			proxyType = 1;
			remoteGlobalIDString = D3F18F9A211C72A8009BD253;
			remoteInfo = ex1;
		};
/* End PBXContainerItemProxy section */

/* Begin PBXFileReference section */
		D3BAB7952121CBE700370D9E /* ImageViewController.swift */ = {isa = PBXFileReference; lastKnownFileType = sourcecode.swift; path = ImageViewController.swift; sourceTree = "<group>"; };
		D3F18F9B211C72A8009BD253 /* ex1.app */ = {isa = PBXFileReference; explicitFileType = wrapper.application; includeInIndex = 0; path = ex1.app; sourceTree = BUILT_PRODUCTS_DIR; };
		D3F18F9E211C72A8009BD253 /* AppDelegate.swift */ = {isa = PBXFileReference; lastKnownFileType = sourcecode.swift; path = AppDelegate.swift; sourceTree = "<group>"; };
		D3F18FA0211C72A8009BD253 /* ViewController.swift */ = {isa = PBXFileReference; lastKnownFileType = sourcecode.swift; path = ViewController.swift; sourceTree = "<group>"; };
		D3F18FA3211C72A8009BD253 /* Base */ = {isa = PBXFileReference; lastKnownFileType = file.storyboard; name = Base; path = Base.lproj/Main.storyboard; sourceTree = "<group>"; };
		D3F18FA5211C72A9009BD253 /* Assets.xcassets */ = {isa = PBXFileReference; lastKnownFileType = folder.assetcatalog; path = Assets.xcassets; sourceTree = "<group>"; };
		D3F18FA8211C72A9009BD253 /* Base */ = {isa = PBXFileReference; lastKnownFileType = file.storyboard; name = Base; path = Base.lproj/LaunchScreen.storyboard; sourceTree = "<group>"; };
		D3F18FAA211C72A9009BD253 /* Info.plist */ = {isa = PBXFileReference; lastKnownFileType = text.plist.xml; path = Info.plist; sourceTree = "<group>"; };
		D3F18FAF211C72A9009BD253 /* ex1Tests.xctest */ = {isa = PBXFileReference; explicitFileType = wrapper.cfbundle; includeInIndex = 0; path = ex1Tests.xctest; sourceTree = BUILT_PRODUCTS_DIR; };
		D3F18FB3211C72A9009BD253 /* ex1Tests.swift */ = {isa = PBXFileReference; lastKnownFileType = sourcecode.swift; path = ex1Tests.swift; sourceTree = "<group>"; };
		D3F18FB5211C72A9009BD253 /* Info.plist */ = {isa = PBXFileReference; lastKnownFileType = text.plist.xml; path = Info.plist; sourceTree = "<group>"; };
		D3F18FBA211C72AA009BD253 /* ex1UITests.xctest */ = {isa = PBXFileReference; explicitFileType = wrapper.cfbundle; includeInIndex = 0; path = ex1UITests.xctest; sourceTree = BUILT_PRODUCTS_DIR; };
		D3F18FBE211C72AA009BD253 /* ex1UITests.swift */ = {isa = PBXFileReference; lastKnownFileType = sourcecode.swift; path = ex1UITests.swift; sourceTree = "<group>"; };
		D3F18FC0211C72AA009BD253 /* Info.plist */ = {isa = PBXFileReference; lastKnownFileType = text.plist.xml; path = Info.plist; sourceTree = "<group>"; };
		D3F18FCC211C7343009BD253 /* FriendsCollectionViewCell.swift */ = {isa = PBXFileReference; lastKnownFileType = sourcecode.swift; path = FriendsCollectionViewCell.swift; sourceTree = "<group>"; };
		D3F39FA32120C71B00868E4B /* FriendsCompleteViewController.swift */ = {isa = PBXFileReference; lastKnownFileType = sourcecode.swift; path = FriendsCompleteViewController.swift; sourceTree = "<group>"; };
/* End PBXFileReference section */

/* Begin PBXFrameworksBuildPhase section */
		D3F18F98211C72A8009BD253 /* Frameworks */ = {
			isa = PBXFrameworksBuildPhase;
			buildActionMask = 2147483647;
			files = (
			);
			runOnlyForDeploymentPostprocessing = 0;
		};
		D3F18FAC211C72A9009BD253 /* Frameworks */ = {
			isa = PBXFrameworksBuildPhase;
			buildActionMask = 2147483647;
			files = (
			);
			runOnlyForDeploymentPostprocessing = 0;
		};
		D3F18FB7211C72AA009BD253 /* Frameworks */ = {
			isa = PBXFrameworksBuildPhase;
			buildActionMask = 2147483647;
			files = (
			);
			runOnlyForDeploymentPostprocessing = 0;
		};
/* End PBXFrameworksBuildPhase section */

/* Begin PBXGroup section */
		D3F18F92211C72A8009BD253 = {
			isa = PBXGroup;
			children = (
				D3F18F9D211C72A8009BD253 /* ex1 */,
				D3F18FB2211C72A9009BD253 /* ex1Tests */,
				D3F18FBD211C72AA009BD253 /* ex1UITests */,
				D3F18F9C211C72A8009BD253 /* Products */,
			);
			sourceTree = "<group>";
		};
		D3F18F9C211C72A8009BD253 /* Products */ = {
			isa = PBXGroup;
			children = (
				D3F18F9B211C72A8009BD253 /* ex1.app */,
				D3F18FAF211C72A9009BD253 /* ex1Tests.xctest */,
				D3F18FBA211C72AA009BD253 /* ex1UITests.xctest */,
			);
			name = Products;
			sourceTree = "<group>";
		};
		D3F18F9D211C72A8009BD253 /* ex1 */ = {
			isa = PBXGroup;
			children = (
				D3F18F9E211C72A8009BD253 /* AppDelegate.swift */,
				D3F18FA0211C72A8009BD253 /* ViewController.swift */,
				D3F18FA2211C72A8009BD253 /* Main.storyboard */,
				D3BAB7952121CBE700370D9E /* ImageViewController.swift */,
				D3F39FA32120C71B00868E4B /* FriendsCompleteViewController.swift */,
				D3F18FCC211C7343009BD253 /* FriendsCollectionViewCell.swift */,
				D3F18FA5211C72A9009BD253 /* Assets.xcassets */,
				D3F18FA7211C72A9009BD253 /* LaunchScreen.storyboard */,
				D3F18FAA211C72A9009BD253 /* Info.plist */,
			);
			path = ex1;
			sourceTree = "<group>";
		};
		D3F18FB2211C72A9009BD253 /* ex1Tests */ = {
			isa = PBXGroup;
			children = (
				D3F18FB3211C72A9009BD253 /* ex1Tests.swift */,
				D3F18FB5211C72A9009BD253 /* Info.plist */,
			);
			path = ex1Tests;
			sourceTree = "<group>";
		};
		D3F18FBD211C72AA009BD253 /* ex1UITests */ = {
			isa = PBXGroup;
			children = (
				D3F18FBE211C72AA009BD253 /* ex1UITests.swift */,
				D3F18FC0211C72AA009BD253 /* Info.plist */,
			);
			path = ex1UITests;
			sourceTree = "<group>";
		};
/* End PBXGroup section */

/* Begin PBXNativeTarget section */
		D3F18F9A211C72A8009BD253 /* ex1 */ = {
			isa = PBXNativeTarget;
			buildConfigurationList = D3F18FC3211C72AA009BD253 /* Build configuration list for PBXNativeTarget "ex1" */;
			buildPhases = (
				D3F18F97211C72A8009BD253 /* Sources */,
				D3F18F98211C72A8009BD253 /* Frameworks */,
				D3F18F99211C72A8009BD253 /* Resources */,
			);
			buildRules = (
			);
			dependencies = (
			);
			name = ex1;
			productName = ex1;
			productReference = D3F18F9B211C72A8009BD253 /* ex1.app */;
			productType = "com.apple.product-type.application";
		};
		D3F18FAE211C72A9009BD253 /* ex1Tests */ = {
			isa = PBXNativeTarget;
			buildConfigurationList = D3F18FC6211C72AA009BD253 /* Build configuration list for PBXNativeTarget "ex1Tests" */;
			buildPhases = (
				D3F18FAB211C72A9009BD253 /* Sources */,
				D3F18FAC211C72A9009BD253 /* Frameworks */,
				D3F18FAD211C72A9009BD253 /* Resources */,
			);
			buildRules = (
			);
			dependencies = (
				D3F18FB1211C72A9009BD253 /* PBXTargetDependency */,
			);
			name = ex1Tests;
			productName = ex1Tests;
			productReference = D3F18FAF211C72A9009BD253 /* ex1Tests.xctest */;
			productType = "com.apple.product-type.bundle.unit-test";
		};
		D3F18FB9211C72AA009BD253 /* ex1UITests */ = {
			isa = PBXNativeTarget;
			buildConfigurationList = D3F18FC9211C72AA009BD253 /* Build configuration list for PBXNativeTarget "ex1UITests" */;
			buildPhases = (
				D3F18FB6211C72AA009BD253 /* Sources */,
				D3F18FB7211C72AA009BD253 /* Frameworks */,
				D3F18FB8211C72AA009BD253 /* Resources */,
			);
			buildRules = (
			);
			dependencies = (
				D3F18FBC211C72AA009BD253 /* PBXTargetDependency */,
			);
			name = ex1UITests;
			productName = ex1UITests;
			productReference = D3F18FBA211C72AA009BD253 /* ex1UITests.xctest */;
			productType = "com.apple.product-type.bundle.ui-testing";
		};
/* End PBXNativeTarget section */

/* Begin PBXProject section */
		D3F18F93211C72A8009BD253 /* Project object */ = {
			isa = PBXProject;
			attributes = {
				LastSwiftUpdateCheck = 0940;
				LastUpgradeCheck = 0940;
				ORGANIZATIONNAME = Laura;
				TargetAttributes = {
					D3F18F9A211C72A8009BD253 = {
						CreatedOnToolsVersion = 9.4.1;
					};
					D3F18FAE211C72A9009BD253 = {
						CreatedOnToolsVersion = 9.4.1;
						TestTargetID = D3F18F9A211C72A8009BD253;
					};
					D3F18FB9211C72AA009BD253 = {
						CreatedOnToolsVersion = 9.4.1;
						TestTargetID = D3F18F9A211C72A8009BD253;
					};
				};
			};
			buildConfigurationList = D3F18F96211C72A8009BD253 /* Build configuration list for PBXProject "ex1" */;
			compatibilityVersion = "Xcode 9.3";
			developmentRegion = en;
			hasScannedForEncodings = 0;
			knownRegions = (
				en,
				Base,
			);
			mainGroup = D3F18F92211C72A8009BD253;
			productRefGroup = D3F18F9C211C72A8009BD253 /* Products */;
			projectDirPath = "";
			projectRoot = "";
			targets = (
				D3F18F9A211C72A8009BD253 /* ex1 */,
				D3F18FAE211C72A9009BD253 /* ex1Tests */,
				D3F18FB9211C72AA009BD253 /* ex1UITests */,
			);
		};
/* End PBXProject section */

/* Begin PBXResourcesBuildPhase section */
		D3F18F99211C72A8009BD253 /* Resources */ = {
			isa = PBXResourcesBuildPhase;
			buildActionMask = 2147483647;
			files = (
				D3F18FA9211C72A9009BD253 /* LaunchScreen.storyboard in Resources */,
				D3F18FA6211C72A9009BD253 /* Assets.xcassets in Resources */,
				D3F18FA4211C72A8009BD253 /* Main.storyboard in Resources */,
			);
			runOnlyForDeploymentPostprocessing = 0;
		};
		D3F18FAD211C72A9009BD253 /* Resources */ = {
			isa = PBXResourcesBuildPhase;
			buildActionMask = 2147483647;
			files = (
			);
			runOnlyForDeploymentPostprocessing = 0;
		};
		D3F18FB8211C72AA009BD253 /* Resources */ = {
			isa = PBXResourcesBuildPhase;
			buildActionMask = 2147483647;
			files = (
			);
			runOnlyForDeploymentPostprocessing = 0;
		};
/* End PBXResourcesBuildPhase section */

/* Begin PBXSourcesBuildPhase section */
		D3F18F97211C72A8009BD253 /* Sources */ = {
			isa = PBXSourcesBuildPhase;
			buildActionMask = 2147483647;
			files = (
				D3F18FA1211C72A8009BD253 /* ViewController.swift in Sources */,
				D3F39FA42120C71B00868E4B /* FriendsCompleteViewController.swift in Sources */,
				D3BAB7962121CBE700370D9E /* ImageViewController.swift in Sources */,
				D3F18FCD211C7343009BD253 /* FriendsCollectionViewCell.swift in Sources */,
				D3F18F9F211C72A8009BD253 /* AppDelegate.swift in Sources */,
			);
			runOnlyForDeploymentPostprocessing = 0;
		};
		D3F18FAB211C72A9009BD253 /* Sources */ = {
			isa = PBXSourcesBuildPhase;
			buildActionMask = 2147483647;
			files = (
				D3F18FB4211C72A9009BD253 /* ex1Tests.swift in Sources */,
			);
			runOnlyForDeploymentPostprocessing = 0;
		};
		D3F18FB6211C72AA009BD253 /* Sources */ = {
			isa = PBXSourcesBuildPhase;
			buildActionMask = 2147483647;
			files = (
				D3F18FBF211C72AA009BD253 /* ex1UITests.swift in Sources */,
			);
			runOnlyForDeploymentPostprocessing = 0;
		};
/* End PBXSourcesBuildPhase section */

/* Begin PBXTargetDependency section */
		D3F18FB1211C72A9009BD253 /* PBXTargetDependency */ = {
			isa = PBXTargetDependency;
			target = D3F18F9A211C72A8009BD253 /* ex1 */;
			targetProxy = D3F18FB0211C72A9009BD253 /* PBXContainerItemProxy */;
		};
		D3F18FBC211C72AA009BD253 /* PBXTargetDependency */ = {
			isa = PBXTargetDependency;
			target = D3F18F9A211C72A8009BD253 /* ex1 */;
			targetProxy = D3F18FBB211C72AA009BD253 /* PBXContainerItemProxy */;
		};
/* End PBXTargetDependency section */

/* Begin PBXVariantGroup section */
		D3F18FA2211C72A8009BD253 /* Main.storyboard */ = {
			isa = PBXVariantGroup;
			children = (
				D3F18FA3211C72A8009BD253 /* Base */,
			);
			name = Main.storyboard;
			sourceTree = "<group>";
		};
		D3F18FA7211C72A9009BD253 /* LaunchScreen.storyboard */ = {
			isa = PBXVariantGroup;
			children = (
				D3F18FA8211C72A9009BD253 /* Base */,
			);
			name = LaunchScreen.storyboard;
			sourceTree = "<group>";
		};
/* End PBXVariantGroup section */

/* Begin XCBuildConfiguration section */
		D3F18FC1211C72AA009BD253 /* Debug */ = {
			isa = XCBuildConfiguration;
			buildSettings = {
				ALWAYS_SEARCH_USER_PATHS = NO;
				CLANG_ANALYZER_NONNULL = YES;
				CLANG_ANALYZER_NUMBER_OBJECT_CONVERSION = YES_AGGRESSIVE;
				CLANG_CXX_LANGUAGE_STANDARD = "gnu++14";
				CLANG_CXX_LIBRARY = "libc++";
				CLANG_ENABLE_MODULES = YES;
				CLANG_ENABLE_OBJC_ARC = YES;
				CLANG_ENABLE_OBJC_WEAK = YES;
				CLANG_WARN_BLOCK_CAPTURE_AUTORELEASING = YES;
				CLANG_WARN_BOOL_CONVERSION = YES;
				CLANG_WARN_COMMA = YES;
				CLANG_WARN_CONSTANT_CONVERSION = YES;
				CLANG_WARN_DEPRECATED_OBJC_IMPLEMENTATIONS = YES;
				CLANG_WARN_DIRECT_OBJC_ISA_USAGE = YES_ERROR;
				CLANG_WARN_DOCUMENTATION_COMMENTS = YES;
				CLANG_WARN_EMPTY_BODY = YES;
				CLANG_WARN_ENUM_CONVERSION = YES;
				CLANG_WARN_INFINITE_RECURSION = YES;
				CLANG_WARN_INT_CONVERSION = YES;
				CLANG_WARN_NON_LITERAL_NULL_CONVERSION = YES;
				CLANG_WARN_OBJC_IMPLICIT_RETAIN_SELF = YES;
				CLANG_WARN_OBJC_LITERAL_CONVERSION = YES;
				CLANG_WARN_OBJC_ROOT_CLASS = YES_ERROR;
				CLANG_WARN_RANGE_LOOP_ANALYSIS = YES;
				CLANG_WARN_STRICT_PROTOTYPES = YES;
				CLANG_WARN_SUSPICIOUS_MOVE = YES;
				CLANG_WARN_UNGUARDED_AVAILABILITY = YES_AGGRESSIVE;
				CLANG_WARN_UNREACHABLE_CODE = YES;
				CLANG_WARN__DUPLICATE_METHOD_MATCH = YES;
				CODE_SIGN_IDENTITY = "iPhone Developer";
				COPY_PHASE_STRIP = NO;
				DEBUG_INFORMATION_FORMAT = dwarf;
				ENABLE_STRICT_OBJC_MSGSEND = YES;
				ENABLE_TESTABILITY = YES;
				GCC_C_LANGUAGE_STANDARD = gnu11;
				GCC_DYNAMIC_NO_PIC = NO;
				GCC_NO_COMMON_BLOCKS = YES;
				GCC_OPTIMIZATION_LEVEL = 0;
				GCC_PREPROCESSOR_DEFINITIONS = (
					"DEBUG=1",
					"$(inherited)",
				);
				GCC_WARN_64_TO_32_BIT_CONVERSION = YES;
				GCC_WARN_ABOUT_RETURN_TYPE = YES_ERROR;
				GCC_WARN_UNDECLARED_SELECTOR = YES;
				GCC_WARN_UNINITIALIZED_AUTOS = YES_AGGRESSIVE;
				GCC_WARN_UNUSED_FUNCTION = YES;
				GCC_WARN_UNUSED_VARIABLE = YES;
				IPHONEOS_DEPLOYMENT_TARGET = 11.4;
				MTL_ENABLE_DEBUG_INFO = YES;
				ONLY_ACTIVE_ARCH = YES;
				SDKROOT = iphoneos;
				SWIFT_ACTIVE_COMPILATION_CONDITIONS = DEBUG;
				SWIFT_OPTIMIZATION_LEVEL = "-Onone";
			};
			name = Debug;
		};
		D3F18FC2211C72AA009BD253 /* Release */ = {
			isa = XCBuildConfiguration;
			buildSettings = {
				ALWAYS_SEARCH_USER_PATHS = NO;
				CLANG_ANALYZER_NONNULL = YES;
				CLANG_ANALYZER_NUMBER_OBJECT_CONVERSION = YES_AGGRESSIVE;
				CLANG_CXX_LANGUAGE_STANDARD = "gnu++14";
				CLANG_CXX_LIBRARY = "libc++";
				CLANG_ENABLE_MODULES = YES;
				CLANG_ENABLE_OBJC_ARC = YES;
				CLANG_ENABLE_OBJC_WEAK = YES;
				CLANG_WARN_BLOCK_CAPTURE_AUTORELEASING = YES;
				CLANG_WARN_BOOL_CONVERSION = YES;
				CLANG_WARN_COMMA = YES;
				CLANG_WARN_CONSTANT_CONVERSION = YES;
				CLANG_WARN_DEPRECATED_OBJC_IMPLEMENTATIONS = YES;
				CLANG_WARN_DIRECT_OBJC_ISA_USAGE = YES_ERROR;
				CLANG_WARN_DOCUMENTATION_COMMENTS = YES;
				CLANG_WARN_EMPTY_BODY = YES;
				CLANG_WARN_ENUM_CONVERSION = YES;
				CLANG_WARN_INFINITE_RECURSION = YES;
				CLANG_WARN_INT_CONVERSION = YES;
				CLANG_WARN_NON_LITERAL_NULL_CONVERSION = YES;
				CLANG_WARN_OBJC_IMPLICIT_RETAIN_SELF = YES;
				CLANG_WARN_OBJC_LITERAL_CONVERSION = YES;
				CLANG_WARN_OBJC_ROOT_CLASS = YES_ERROR;
				CLANG_WARN_RANGE_LOOP_ANALYSIS = YES;
				CLANG_WARN_STRICT_PROTOTYPES = YES;
				CLANG_WARN_SUSPICIOUS_MOVE = YES;
				CLANG_WARN_UNGUARDED_AVAILABILITY = YES_AGGRESSIVE;
				CLANG_WARN_UNREACHABLE_CODE = YES;
				CLANG_WARN__DUPLICATE_METHOD_MATCH = YES;
				CODE_SIGN_IDENTITY = "iPhone Developer";
				COPY_PHASE_STRIP = NO;
				DEBUG_INFORMATION_FORMAT = "dwarf-with-dsym";
				ENABLE_NS_ASSERTIONS = NO;
				ENABLE_STRICT_OBJC_MSGSEND = YES;
				GCC_C_LANGUAGE_STANDARD = gnu11;
				GCC_NO_COMMON_BLOCKS = YES;
				GCC_WARN_64_TO_32_BIT_CONVERSION = YES;
				GCC_WARN_ABOUT_RETURN_TYPE = YES_ERROR;
				GCC_WARN_UNDECLARED_SELECTOR = YES;
				GCC_WARN_UNINITIALIZED_AUTOS = YES_AGGRESSIVE;
				GCC_WARN_UNUSED_FUNCTION = YES;
				GCC_WARN_UNUSED_VARIABLE = YES;
				IPHONEOS_DEPLOYMENT_TARGET = 11.4;
				MTL_ENABLE_DEBUG_INFO = NO;
				SDKROOT = iphoneos;
				SWIFT_COMPILATION_MODE = wholemodule;
				SWIFT_OPTIMIZATION_LEVEL = "-O";
				VALIDATE_PRODUCT = YES;
			};
			name = Release;
		};
		D3F18FC4211C72AA009BD253 /* Debug */ = {
			isa = XCBuildConfiguration;
			buildSettings = {
				ASSETCATALOG_COMPILER_APPICON_NAME = AppIcon;
				CODE_SIGN_STYLE = Automatic;
				INFOPLIST_FILE = ex1/Info.plist;
				LD_RUNPATH_SEARCH_PATHS = (
					"$(inherited)",
					"@executable_path/Frameworks",
				);
				PRODUCT_BUNDLE_IDENTIFIER = laura.ex1;
				PRODUCT_NAME = "$(TARGET_NAME)";
				SWIFT_VERSION = 4.0;
				TARGETED_DEVICE_FAMILY = "1,2";
			};
			name = Debug;
		};
		D3F18FC5211C72AA009BD253 /* Release */ = {
			isa = XCBuildConfiguration;
			buildSettings = {
				ASSETCATALOG_COMPILER_APPICON_NAME = AppIcon;
				CODE_SIGN_STYLE = Automatic;
				INFOPLIST_FILE = ex1/Info.plist;
				LD_RUNPATH_SEARCH_PATHS = (
					"$(inherited)",
					"@executable_path/Frameworks",
				);
				PRODUCT_BUNDLE_IDENTIFIER = laura.ex1;
				PRODUCT_NAME = "$(TARGET_NAME)";
				SWIFT_VERSION = 4.0;
				TARGETED_DEVICE_FAMILY = "1,2";
			};
			name = Release;
		};
		D3F18FC7211C72AA009BD253 /* Debug */ = {
			isa = XCBuildConfiguration;
			buildSettings = {
				ALWAYS_EMBED_SWIFT_STANDARD_LIBRARIES = YES;
				BUNDLE_LOADER = "$(TEST_HOST)";
				CODE_SIGN_STYLE = Automatic;
				INFOPLIST_FILE = ex1Tests/Info.plist;
				LD_RUNPATH_SEARCH_PATHS = (
					"$(inherited)",
					"@executable_path/Frameworks",
					"@loader_path/Frameworks",
				);
				PRODUCT_BUNDLE_IDENTIFIER = laura.ex1Tests;
				PRODUCT_NAME = "$(TARGET_NAME)";
				SWIFT_VERSION = 4.0;
				TARGETED_DEVICE_FAMILY = "1,2";
				TEST_HOST = "$(BUILT_PRODUCTS_DIR)/ex1.app/ex1";
			};
			name = Debug;
		};
		D3F18FC8211C72AA009BD253 /* Release */ = {
			isa = XCBuildConfiguration;
			buildSettings = {
				ALWAYS_EMBED_SWIFT_STANDARD_LIBRARIES = YES;
				BUNDLE_LOADER = "$(TEST_HOST)";
				CODE_SIGN_STYLE = Automatic;
				INFOPLIST_FILE = ex1Tests/Info.plist;
				LD_RUNPATH_SEARCH_PATHS = (
					"$(inherited)",
					"@executable_path/Frameworks",
					"@loader_path/Frameworks",
				);
				PRODUCT_BUNDLE_IDENTIFIER = laura.ex1Tests;
				PRODUCT_NAME = "$(TARGET_NAME)";
				SWIFT_VERSION = 4.0;
				TARGETED_DEVICE_FAMILY = "1,2";
				TEST_HOST = "$(BUILT_PRODUCTS_DIR)/ex1.app/ex1";
			};
			name = Release;
		};
		D3F18FCA211C72AA009BD253 /* Debug */ = {
			isa = XCBuildConfiguration;
			buildSettings = {
				ALWAYS_EMBED_SWIFT_STANDARD_LIBRARIES = YES;
				CODE_SIGN_STYLE = Automatic;
				INFOPLIST_FILE = ex1UITests/Info.plist;
				LD_RUNPATH_SEARCH_PATHS = (
					"$(inherited)",
					"@executable_path/Frameworks",
					"@loader_path/Frameworks",
				);
				PRODUCT_BUNDLE_IDENTIFIER = laura.ex1UITests;
				PRODUCT_NAME = "$(TARGET_NAME)";
				SWIFT_VERSION = 4.0;
				TARGETED_DEVICE_FAMILY = "1,2";
				TEST_TARGET_NAME = ex1;
			};
			name = Debug;
		};
		D3F18FCB211C72AA009BD253 /* Release */ = {
			isa = XCBuildConfiguration;
			buildSettings = {
				ALWAYS_EMBED_SWIFT_STANDARD_LIBRARIES = YES;
				CODE_SIGN_STYLE = Automatic;
				INFOPLIST_FILE = ex1UITests/Info.plist;
				LD_RUNPATH_SEARCH_PATHS = (
					"$(inherited)",
					"@executable_path/Frameworks",
					"@loader_path/Frameworks",
				);
				PRODUCT_BUNDLE_IDENTIFIER = laura.ex1UITests;
				PRODUCT_NAME = "$(TARGET_NAME)";
				SWIFT_VERSION = 4.0;
				TARGETED_DEVICE_FAMILY = "1,2";
				TEST_TARGET_NAME = ex1;
			};
			name = Release;
		};
/* End XCBuildConfiguration section */

/* Begin XCConfigurationList section */
		D3F18F96211C72A8009BD253 /* Build configuration list for PBXProject "ex1" */ = {
			isa = XCConfigurationList;
			buildConfigurations = (
				D3F18FC1211C72AA009BD253 /* Debug */,
				D3F18FC2211C72AA009BD253 /* Release */,
			);
			defaultConfigurationIsVisible = 0;
			defaultConfigurationName = Release;
		};
		D3F18FC3211C72AA009BD253 /* Build configuration list for PBXNativeTarget "ex1" */ = {
			isa = XCConfigurationList;
			buildConfigurations = (
				D3F18FC4211C72AA009BD253 /* Debug */,
				D3F18FC5211C72AA009BD253 /* Release */,
			);
			defaultConfigurationIsVisible = 0;
			defaultConfigurationName = Release;
		};
		D3F18FC6211C72AA009BD253 /* Build configuration list for PBXNativeTarget "ex1Tests" */ = {
			isa = XCConfigurationList;
			buildConfigurations = (
				D3F18FC7211C72AA009BD253 /* Debug */,
				D3F18FC8211C72AA009BD253 /* Release */,
			);
			defaultConfigurationIsVisible = 0;
			defaultConfigurationName = Release;
		};
		D3F18FC9211C72AA009BD253 /* Build configuration list for PBXNativeTarget "ex1UITests" */ = {
			isa = XCConfigurationList;
			buildConfigurations = (
				D3F18FCA211C72AA009BD253 /* Debug */,
				D3F18FCB211C72AA009BD253 /* Release */,
			);
			defaultConfigurationIsVisible = 0;
			defaultConfigurationName = Release;
		};
/* End XCConfigurationList section */
	};
	rootObject = D3F18F93211C72A8009BD253 /* Project object */;
}
